<?xml version="1.0" encoding="utf-8"?>
<Project ToolsVersion="4.0" xmlns="http://schemas.microsoft.com/developer/msbuild/2003">
  <ItemGroup>
    <Filter Include="Source Files">
      <UniqueIdentifier>{4FC737F1-C7A5-4376-A066-2A32D752A2FF}</UniqueIdentifier>
      <Extensions>cpp;c;cc;cxx;def;odl;idl;hpj;bat;asm;asmx</Extensions>
    </Filter>
    <Filter Include="Header Files">
      <UniqueIdentifier>{93995380-89BD-4b04-88EB-625FBE52EBFB}</UniqueIdentifier>
      <Extensions>h;hh;hpp;hxx;hm;inl;inc;xsd</Extensions>
    </Filter>
    <Filter Include="Resource Files">
      <UniqueIdentifier>{67DA6AB6-F800-4c08-8B7A-83BB121AAD01}</UniqueIdentifier>
      <Extensions>rc;ico;cur;bmp;dlg;rc2;rct;bin;rgs;gif;jpg;jpeg;jpe;resx;tiff;tif;png;wav;mfcribbon-ms</Extensions>
    </Filter>
  </ItemGroup>
  <ItemGroup>
    <Text Include="ReadMe.txt" />
  </ItemGroup>
  <ItemGroup>
    <ClInclude Include="stdafx.h">
      <Filter>Header Files</Filter>
    </ClInclude>
    <ClInclude Include="targetver.h">
      <Filter>Header Files</Filter>
    </ClInclude>
    <ClInclude Include="MessageLoop.h">
      <Filter>Header Files</Filter>
    </ClInclude>
    <ClInclude Include="MessagePump.h">
      <Filter>Header Files</Filter>
    </ClInclude>
    <ClInclude Include="MessagePumpObserver.h">
      <Filter>Header Files</Filter>
    </ClInclude>
    <ClInclude Include="MessagePumpDefault.h">
      <Filter>Header Files</Filter>
    </ClInclude>
    <ClInclude Include="BasicTypes.h">
      <Filter>Header Files</Filter>
    </ClInclude>
    <ClInclude Include="WaitableEvent.h">
      <Filter>Header Files</Filter>
    </ClInclude>
    <ClInclude Include="MessagePumpForUI.h">
      <Filter>Header Files</Filter>
    </ClInclude>
    <ClInclude Include="MessagePumpForIO.h">
      <Filter>Header Files</Filter>
    </ClInclude>
    <ClInclude Include="ScopedHandle.h">
      <Filter>Header Files</Filter>
    </ClInclude>
    <ClInclude Include="AutoLock.h">
      <Filter>Header Files</Filter>
    </ClInclude>
    <ClInclude Include="TlsHelper.h">
      <Filter>Header Files</Filter>
    </ClInclude>
    <ClInclude Include="AutoTracker.h">
      <Filter>Header Files</Filter>
    </ClInclude>
    <ClInclude Include="MessageLoopThread.h">
      <Filter>Header Files</Filter>
    </ClInclude>
    <ClInclude Include="WinThread.h">
      <Filter>Header Files</Filter>
    </ClInclude>
    <ClInclude Include="DelegateWinThreadPool.h">
      <Filter>Header Files</Filter>
    </ClInclude>
    <ClInclude Include="TaskClosure.h">
      <Filter>Header Files</Filter>
    </ClInclude>
  </ItemGroup>
  <ItemGroup>
    <ClCompile Include="stdafx.cpp">
      <Filter>Source Files</Filter>
    </ClCompile>
    <ClCompile Include="MessageLoop.cpp">
      <Filter>Source Files</Filter>
    </ClCompile>
    <ClCompile Include="MessagePump.cpp">
      <Filter>Source Files</Filter>
    </ClCompile>
    <ClCompile Include="MessagePumpDefault.cpp">
      <Filter>Source Files</Filter>
    </ClCompile>
    <ClCompile Include="WaitableEvent.cpp">
      <Filter>Source Files</Filter>
    </ClCompile>
    <ClCompile Include="MessagePumpForUI.cpp">
      <Filter>Source Files</Filter>
    </ClCompile>
    <ClCompile Include="MessagePumpForIO.cpp">
      <Filter>Source Files</Filter>
    </ClCompile>
    <ClCompile Include="MessageLoopThread.cpp">
      <Filter>Source Files</Filter>
    </ClCompile>
    <ClCompile Include="WinThread.cpp">
      <Filter>Source Files</Filter>
    </ClCompile>
    <ClCompile Include="DelegateWinThreadPool.cpp">
      <Filter>Source Files</Filter>
    </ClCompile>
  </ItemGroup>
</Project>